
Microsoft Visual Studio Solution File, Format Version 12.00
# Visual Studio Version 16
VisualStudioVersion = 16.0.32630.194
MinimumVisualStudioVersion = 10.0.40219.1
Project("{FAE04EC0-301F-11D3-BF4B-00C04F79EFBC}") = "BFDecypher", "WindowsFormsApp1\BFDecypher.csproj", "{A99C3187-D5F1-4556-927B-F9A9A895D9A9}"
EndProject
Global
	GlobalSection(SolutionConfigurationPlatforms) = preSolution
		Debug|Any CPU = Debug|Any CPU
		Release|Any CPU = Release|Any CPU
	EndGlobalSection
	GlobalSection(ProjectConfigurationPlatforms) = postSolution
		{A99C3187-D5F1-4556-927B-F9A9A895D9A9}.Debug|Any CPU.ActiveCfg = Debug|Any CPU
		{A99C3187-D5F1-4556-927B-F9A9A895D9A9}.Debug|Any CPU.Build.0 = Debug|Any CPU
		{A99C3187-D5F1-4556-927B-F9A9A895D9A9}.Release|Any CPU.ActiveCfg = Release|Any CPU
		{A99C3187-D5F1-4556-927B-F9A9A895D9A9}.Release|Any CPU.Build.0 = Release|Any CPU
	EndGlobalSection
	GlobalSection(SolutionProperties) = preSolution
		HideSolutionNode = FALSE
	EndGlobalSection
	GlobalSection(ExtensibilityGlobals) = postSolution
		SolutionGuid = {CBB3FD8C-68A4-4904-8D0D-9896FB97DB0A}
	EndGlobalSection
EndGlobal
